
Microsoft Visual Studio Solution File, Format Version 12.00
# Visual Studio 14
VisualStudioVersion = 14.0.23107.0
MinimumVisualStudioVersion = 10.0.40219.1
Project("{FAE04EC0-301F-11D3-BF4B-00C04F79EFBC}") = "AnimalKingdom.Server", "AnimalKingdom.Server\AnimalKingdom.Server.csproj", "{1185DDE9-95D7-4A0C-8AE3-935EFEFEAC25}"
EndProject
Project("{FAE04EC0-301F-11D3-BF4B-00C04F79EFBC}") = "AnimalKingdom.Data", "AnimalKingdom.Data\AnimalKingdom.Data.csproj", "{F4D280B1-C03E-420E-897F-AFD48B04AFDF}"
EndProject
Project("{FAE04EC0-301F-11D3-BF4B-00C04F79EFBC}") = "AnimalKingdom.Models", "AnimalKingdom.Models\AnimalKingdom.Models.csproj", "{535EA8BA-BB8B-4DA9-B5BF-4136D5401D83}"
EndProject
Project("{FAE04EC0-301F-11D3-BF4B-00C04F79EFBC}") = "AnimalKingdom.Common", "AnimalKingdom.Common\AnimalKingdom.Common.csproj", "{F93ECB15-EC6B-474E-8FF5-4768E9BAE757}"
EndProject
Global
	GlobalSection(SolutionConfigurationPlatforms) = preSolution
		Debug|Any CPU = Debug|Any CPU
		Release|Any CPU = Release|Any CPU
	EndGlobalSection
	GlobalSection(ProjectConfigurationPlatforms) = postSolution
		{1185DDE9-95D7-4A0C-8AE3-935EFEFEAC25}.Debug|Any CPU.ActiveCfg = Debug|Any CPU
		{1185DDE9-95D7-4A0C-8AE3-935EFEFEAC25}.Debug|Any CPU.Build.0 = Debug|Any CPU
		{1185DDE9-95D7-4A0C-8AE3-935EFEFEAC25}.Release|Any CPU.ActiveCfg = Release|Any CPU
		{1185DDE9-95D7-4A0C-8AE3-935EFEFEAC25}.Release|Any CPU.Build.0 = Release|Any CPU
		{F4D280B1-C03E-420E-897F-AFD48B04AFDF}.Debug|Any CPU.ActiveCfg = Debug|Any CPU
		{F4D280B1-C03E-420E-897F-AFD48B04AFDF}.Debug|Any CPU.Build.0 = Debug|Any CPU
		{F4D280B1-C03E-420E-897F-AFD48B04AFDF}.Release|Any CPU.ActiveCfg = Release|Any CPU
		{F4D280B1-C03E-420E-897F-AFD48B04AFDF}.Release|Any CPU.Build.0 = Release|Any CPU
		{535EA8BA-BB8B-4DA9-B5BF-4136D5401D83}.Debug|Any CPU.ActiveCfg = Debug|Any CPU
		{535EA8BA-BB8B-4DA9-B5BF-4136D5401D83}.Debug|Any CPU.Build.0 = Debug|Any CPU
		{535EA8BA-BB8B-4DA9-B5BF-4136D5401D83}.Release|Any CPU.ActiveCfg = Release|Any CPU
		{535EA8BA-BB8B-4DA9-B5BF-4136D5401D83}.Release|Any CPU.Build.0 = Release|Any CPU
		{F93ECB15-EC6B-474E-8FF5-4768E9BAE757}.Debug|Any CPU.ActiveCfg = Debug|Any CPU
		{F93ECB15-EC6B-474E-8FF5-4768E9BAE757}.Debug|Any CPU.Build.0 = Debug|Any CPU
		{F93ECB15-EC6B-474E-8FF5-4768E9BAE757}.Release|Any CPU.ActiveCfg = Release|Any CPU
		{F93ECB15-EC6B-474E-8FF5-4768E9BAE757}.Release|Any CPU.Build.0 = Release|Any CPU
	EndGlobalSection
	GlobalSection(SolutionProperties) = preSolution
		HideSolutionNode = FALSE
	EndGlobalSection
EndGlobal
